// !$*UTF8*$!
{
	archiveVersion = 1;
	classes = {
	};
	objectVersion = 46;
	objects = {

/* Begin PBXBuildFile section */
		A83CBCB45EDA10C7F7AA5312 /* libPods-BigRabbit.a in Frameworks */ = {isa = PBXBuildFile; fileRef = 9A3B2890A686B4C32E411802 /* libPods-BigRabbit.a */; };
		DF15D3A71ED3BC8600286415 /* GETools.swift in Sources */ = {isa = PBXBuildFile; fileRef = DF15D3A61ED3BC8600286415 /* GETools.swift */; };
		DF4C70D41ED2B8CD00F52255 /* AppDelegate.swift in Sources */ = {isa = PBXBuildFile; fileRef = DF4C70D31ED2B8CD00F52255 /* AppDelegate.swift */; };
		DF4C70D61ED2B8CD00F52255 /* ViewController.swift in Sources */ = {isa = PBXBuildFile; fileRef = DF4C70D51ED2B8CD00F52255 /* ViewController.swift */; };
		DF4C70D91ED2B8CD00F52255 /* Main.storyboard in Resources */ = {isa = PBXBuildFile; fileRef = DF4C70D71ED2B8CD00F52255 /* Main.storyboard */; };
		DF4C70DB1ED2B8CD00F52255 /* Assets.xcassets in Resources */ = {isa = PBXBuildFile; fileRef = DF4C70DA1ED2B8CD00F52255 /* Assets.xcassets */; };
		DF4C70DE1ED2B8CD00F52255 /* LaunchScreen.storyboard in Resources */ = {isa = PBXBuildFile; fileRef = DF4C70DC1ED2B8CD00F52255 /* LaunchScreen.storyboard */; };
		DF4C70FA1ED2B98200F52255 /* GlobalConst.swift in Sources */ = {isa = PBXBuildFile; fileRef = DF4C70F91ED2B98200F52255 /* GlobalConst.swift */; };
		DF4C70FD1ED2BA7700F52255 /* ExtensionString.swift in Sources */ = {isa = PBXBuildFile; fileRef = DF4C70FC1ED2BA7700F52255 /* ExtensionString.swift */; };
		DF4C70FF1ED2BA8B00F52255 /* ExtensionUIColor.swift in Sources */ = {isa = PBXBuildFile; fileRef = DF4C70FE1ED2BA8B00F52255 /* ExtensionUIColor.swift */; };
		DF501CF71ED3BBD000B6C418 /* GEBasicViewController.swift in Sources */ = {isa = PBXBuildFile; fileRef = DF501CF61ED3BBD000B6C418 /* GEBasicViewController.swift */; };
		DF501CF91ED3BC0A00B6C418 /* GEView.swift in Sources */ = {isa = PBXBuildFile; fileRef = DF501CF81ED3BC0A00B6C418 /* GEView.swift */; };
/* End PBXBuildFile section */

/* Begin PBXFileReference section */
		9A3B2890A686B4C32E411802 /* libPods-BigRabbit.a */ = {isa = PBXFileReference; explicitFileType = archive.ar; includeInIndex = 0; path = "libPods-BigRabbit.a"; sourceTree = BUILT_PRODUCTS_DIR; };
		DDAFD25C706FB9AD8DB00B79 /* Pods-BigRabbit.release.xcconfig */ = {isa = PBXFileReference; includeInIndex = 1; lastKnownFileType = text.xcconfig; name = "Pods-BigRabbit.release.xcconfig"; path = "Pods/Target Support Files/Pods-BigRabbit/Pods-BigRabbit.release.xcconfig"; sourceTree = "<group>"; };
		DF15D3A61ED3BC8600286415 /* GETools.swift */ = {isa = PBXFileReference; fileEncoding = 4; lastKnownFileType = sourcecode.swift; path = GETools.swift; sourceTree = "<group>"; };
		DF4C70D01ED2B8CD00F52255 /* BigRabbit.app */ = {isa = PBXFileReference; explicitFileType = wrapper.application; includeInIndex = 0; path = BigRabbit.app; sourceTree = BUILT_PRODUCTS_DIR; };
		DF4C70D31ED2B8CD00F52255 /* AppDelegate.swift */ = {isa = PBXFileReference; lastKnownFileType = sourcecode.swift; path = AppDelegate.swift; sourceTree = "<group>"; };
		DF4C70D51ED2B8CD00F52255 /* ViewController.swift */ = {isa = PBXFileReference; lastKnownFileType = sourcecode.swift; path = ViewController.swift; sourceTree = "<group>"; };
		DF4C70D81ED2B8CD00F52255 /* Base */ = {isa = PBXFileReference; lastKnownFileType = file.storyboard; name = Base; path = Base.lproj/Main.storyboard; sourceTree = "<group>"; };
		DF4C70DA1ED2B8CD00F52255 /* Assets.xcassets */ = {isa = PBXFileReference; lastKnownFileType = folder.assetcatalog; path = Assets.xcassets; sourceTree = "<group>"; };
		DF4C70DD1ED2B8CD00F52255 /* Base */ = {isa = PBXFileReference; lastKnownFileType = file.storyboard; name = Base; path = Base.lproj/LaunchScreen.storyboard; sourceTree = "<group>"; };
		DF4C70DF1ED2B8CD00F52255 /* Info.plist */ = {isa = PBXFileReference; lastKnownFileType = text.plist.xml; path = Info.plist; sourceTree = "<group>"; };
		DF4C70F91ED2B98200F52255 /* GlobalConst.swift */ = {isa = PBXFileReference; fileEncoding = 4; lastKnownFileType = sourcecode.swift; path = GlobalConst.swift; sourceTree = "<group>"; };
		DF4C70FB1ED2B99F00F52255 /* GEHeader.h */ = {isa = PBXFileReference; lastKnownFileType = sourcecode.c.h; path = GEHeader.h; sourceTree = "<group>"; };
		DF4C70FC1ED2BA7700F52255 /* ExtensionString.swift */ = {isa = PBXFileReference; fileEncoding = 4; lastKnownFileType = sourcecode.swift; path = ExtensionString.swift; sourceTree = "<group>"; };
		DF4C70FE1ED2BA8B00F52255 /* ExtensionUIColor.swift */ = {isa = PBXFileReference; fileEncoding = 4; lastKnownFileType = sourcecode.swift; path = ExtensionUIColor.swift; sourceTree = "<group>"; };
		DF501CF61ED3BBD000B6C418 /* GEBasicViewController.swift */ = {isa = PBXFileReference; fileEncoding = 4; lastKnownFileType = sourcecode.swift; path = GEBasicViewController.swift; sourceTree = "<group>"; };
		DF501CF81ED3BC0A00B6C418 /* GEView.swift */ = {isa = PBXFileReference; fileEncoding = 4; lastKnownFileType = sourcecode.swift; path = GEView.swift; sourceTree = "<group>"; };
		EC6E722A6D1D642447CCF6C2 /* Pods-BigRabbit.debug.xcconfig */ = {isa = PBXFileReference; includeInIndex = 1; lastKnownFileType = text.xcconfig; name = "Pods-BigRabbit.debug.xcconfig"; path = "Pods/Target Support Files/Pods-BigRabbit/Pods-BigRabbit.debug.xcconfig"; sourceTree = "<group>"; };
/* End PBXFileReference section */

/* Begin PBXFrameworksBuildPhase section */
		DF4C70CD1ED2B8CD00F52255 /* Frameworks */ = {
			isa = PBXFrameworksBuildPhase;
			buildActionMask = 2147483647;
			files = (
				A83CBCB45EDA10C7F7AA5312 /* libPods-BigRabbit.a in Frameworks */,
			);
			runOnlyForDeploymentPostprocessing = 0;
		};
/* End PBXFrameworksBuildPhase section */

/* Begin PBXGroup section */
		2CBCE737F93DF0DA4BDFD1E2 /* Pods */ = {
			isa = PBXGroup;
			children = (
				EC6E722A6D1D642447CCF6C2 /* Pods-BigRabbit.debug.xcconfig */,
				DDAFD25C706FB9AD8DB00B79 /* Pods-BigRabbit.release.xcconfig */,
			);
			name = Pods;
			sourceTree = "<group>";
		};
		C8AC59CE7FC9988764D8E41A /* Frameworks */ = {
			isa = PBXGroup;
			children = (
				9A3B2890A686B4C32E411802 /* libPods-BigRabbit.a */,
			);
			name = Frameworks;
			sourceTree = "<group>";
		};
		DF4C70C71ED2B8CD00F52255 = {
			isa = PBXGroup;
			children = (
				DF4C70E51ED2B91C00F52255 /* GE */,
				DF4C70D21ED2B8CD00F52255 /* BigRabbit */,
				DF4C70D11ED2B8CD00F52255 /* Products */,
				2CBCE737F93DF0DA4BDFD1E2 /* Pods */,
				C8AC59CE7FC9988764D8E41A /* Frameworks */,
			);
			sourceTree = "<group>";
		};
		DF4C70D11ED2B8CD00F52255 /* Products */ = {
			isa = PBXGroup;
			children = (
				DF4C70D01ED2B8CD00F52255 /* BigRabbit.app */,
			);
			name = Products;
			sourceTree = "<group>";
		};
		DF4C70D21ED2B8CD00F52255 /* BigRabbit */ = {
			isa = PBXGroup;
			children = (
				DF4C70D31ED2B8CD00F52255 /* AppDelegate.swift */,
				DF4C70D51ED2B8CD00F52255 /* ViewController.swift */,
				DF4C70D71ED2B8CD00F52255 /* Main.storyboard */,
				DF4C70DA1ED2B8CD00F52255 /* Assets.xcassets */,
				DF4C70DC1ED2B8CD00F52255 /* LaunchScreen.storyboard */,
				DF4C70DF1ED2B8CD00F52255 /* Info.plist */,
			);
			path = BigRabbit;
			sourceTree = "<group>";
		};
		DF4C70E51ED2B91C00F52255 /* GE */ = {
			isa = PBXGroup;
			children = (
				DF4C70E61ED2B91C00F52255 /* General */,
				DF4C70F01ED2B91D00F52255 /* Helpers */,
				DF4C70F21ED2B91D00F52255 /* Library */,
				DF4C70F31ED2B91D00F52255 /* Macro */,
			);
			path = GE;
			sourceTree = "<group>";
		};
		DF4C70E61ED2B91C00F52255 /* General */ = {
			isa = PBXGroup;
			children = (
				DF4C70E71ED2B91C00F52255 /* Baisc */,
				DF4C70E81ED2B91C00F52255 /* Core */,
				DF4C70E91ED2B91C00F52255 /* Extension */,
				DF4C70EC1ED2B91D00F52255 /* Models */,
				DF4C70ED1ED2B91D00F52255 /* Pubilc */,
				DF4C70EF1ED2B91D00F52255 /* Views */,
			);
			path = General;
			sourceTree = "<group>";
		};
		DF4C70E71ED2B91C00F52255 /* Baisc */ = {
			isa = PBXGroup;
			children = (
				DF501CF61ED3BBD000B6C418 /* GEBasicViewController.swift */,
				DF501CF81ED3BC0A00B6C418 /* GEView.swift */,
			);
			path = Baisc;
			sourceTree = "<group>";
		};
		DF4C70E81ED2B91C00F52255 /* Core */ = {
			isa = PBXGroup;
			children = (
			);
			path = Core;
			sourceTree = "<group>";
		};
		DF4C70E91ED2B91C00F52255 /* Extension */ = {
			isa = PBXGroup;
			children = (
				DF4C70FC1ED2BA7700F52255 /* ExtensionString.swift */,
				DF4C70FE1ED2BA8B00F52255 /* ExtensionUIColor.swift */,
			);
			path = Extension;
			sourceTree = "<group>";
		};
		DF4C70EC1ED2B91D00F52255 /* Models */ = {
			isa = PBXGroup;
			children = (
			);
			path = Models;
			sourceTree = "<group>";
		};
		DF4C70ED1ED2B91D00F52255 /* Pubilc */ = {
			isa = PBXGroup;
			children = (
				DF15D3A61ED3BC8600286415 /* GETools.swift */,
			);
			path = Pubilc;
			sourceTree = "<group>";
		};
		DF4C70EF1ED2B91D00F52255 /* Views */ = {
			isa = PBXGroup;
			children = (
			);
			path = Views;
			sourceTree = "<group>";
		};
		DF4C70F01ED2B91D00F52255 /* Helpers */ = {
			isa = PBXGroup;
			children = (
				DF4C70FB1ED2B99F00F52255 /* GEHeader.h */,
			);
			path = Helpers;
			sourceTree = "<group>";
		};
		DF4C70F21ED2B91D00F52255 /* Library */ = {
			isa = PBXGroup;
			children = (
			);
			path = Library;
			sourceTree = "<group>";
		};
		DF4C70F31ED2B91D00F52255 /* Macro */ = {
			isa = PBXGroup;
			children = (
				DF4C70F91ED2B98200F52255 /* GlobalConst.swift */,
			);
			path = Macro;
			sourceTree = "<group>";
		};
/* End PBXGroup section */

/* Begin PBXNativeTarget section */
		DF4C70CF1ED2B8CD00F52255 /* BigRabbit */ = {
			isa = PBXNativeTarget;
			buildConfigurationList = DF4C70E21ED2B8CD00F52255 /* Build configuration list for PBXNativeTarget "BigRabbit" */;
			buildPhases = (
				CB4289BDA93980A79609AA47 /* [CP] Check Pods Manifest.lock */,
				DF4C70CC1ED2B8CD00F52255 /* Sources */,
				DF4C70CD1ED2B8CD00F52255 /* Frameworks */,
				DF4C70CE1ED2B8CD00F52255 /* Resources */,
				9847DAD5A35E8848951B6295 /* [CP] Embed Pods Frameworks */,
				599929A659889C87CB8A944B /* [CP] Copy Pods Resources */,
			);
			buildRules = (
			);
			dependencies = (
			);
			name = BigRabbit;
			productName = BigRabbit;
			productReference = DF4C70D01ED2B8CD00F52255 /* BigRabbit.app */;
			productType = "com.apple.product-type.application";
		};
/* End PBXNativeTarget section */

/* Begin PBXProject section */
		DF4C70C81ED2B8CD00F52255 /* Project object */ = {
			isa = PBXProject;
			attributes = {
				LastSwiftUpdateCheck = 0830;
				LastUpgradeCheck = 0830;
				ORGANIZATIONNAME = Rabbit;
				TargetAttributes = {
					DF4C70CF1ED2B8CD00F52255 = {
						CreatedOnToolsVersion = 8.3.2;
						DevelopmentTeam = CGAM2DA629;
						ProvisioningStyle = Automatic;
					};
				};
			};
			buildConfigurationList = DF4C70CB1ED2B8CD00F52255 /* Build configuration list for PBXProject "BigRabbit" */;
			compatibilityVersion = "Xcode 3.2";
			developmentRegion = English;
			hasScannedForEncodings = 0;
			knownRegions = (
				en,
				Base,
			);
			mainGroup = DF4C70C71ED2B8CD00F52255;
			productRefGroup = DF4C70D11ED2B8CD00F52255 /* Products */;
			projectDirPath = "";
			projectRoot = "";
			targets = (
				DF4C70CF1ED2B8CD00F52255 /* BigRabbit */,
			);
		};
/* End PBXProject section */

/* Begin PBXResourcesBuildPhase section */
		DF4C70CE1ED2B8CD00F52255 /* Resources */ = {
			isa = PBXResourcesBuildPhase;
			buildActionMask = 2147483647;
			files = (
				DF4C70DE1ED2B8CD00F52255 /* LaunchScreen.storyboard in Resources */,
				DF4C70DB1ED2B8CD00F52255 /* Assets.xcassets in Resources */,
				DF4C70D91ED2B8CD00F52255 /* Main.storyboard in Resources */,
			);
			runOnlyForDeploymentPostprocessing = 0;
		};
/* End PBXResourcesBuildPhase section */

/* Begin PBXShellScriptBuildPhase section */
		599929A659889C87CB8A944B /* [CP] Copy Pods Resources */ = {
			isa = PBXShellScriptBuildPhase;
			buildActionMask = 2147483647;
			files = (
			);
			inputPaths = (
			);
			name = "[CP] Copy Pods Resources";
			outputPaths = (
			);
			runOnlyForDeploymentPostprocessing = 0;
			shellPath = /bin/sh;
			shellScript = "\"${SRCROOT}/Pods/Target Support Files/Pods-BigRabbit/Pods-BigRabbit-resources.sh\"\n";
			showEnvVarsInLog = 0;
		};
		9847DAD5A35E8848951B6295 /* [CP] Embed Pods Frameworks */ = {
			isa = PBXShellScriptBuildPhase;
			buildActionMask = 2147483647;
			files = (
			);
			inputPaths = (
			);
			name = "[CP] Embed Pods Frameworks";
			outputPaths = (
			);
			runOnlyForDeploymentPostprocessing = 0;
			shellPath = /bin/sh;
			shellScript = "\"${SRCROOT}/Pods/Target Support Files/Pods-BigRabbit/Pods-BigRabbit-frameworks.sh\"\n";
			showEnvVarsInLog = 0;
		};
		CB4289BDA93980A79609AA47 /* [CP] Check Pods Manifest.lock */ = {
			isa = PBXShellScriptBuildPhase;
			buildActionMask = 2147483647;
			files = (
			);
			inputPaths = (
			);
			name = "[CP] Check Pods Manifest.lock";
			outputPaths = (
			);
			runOnlyForDeploymentPostprocessing = 0;
			shellPath = /bin/sh;
			shellScript = "diff \"${PODS_ROOT}/../Podfile.lock\" \"${PODS_ROOT}/Manifest.lock\" > /dev/null\nif [ $? != 0 ] ; then\n    # print error to STDERR\n    echo \"error: The sandbox is not in sync with the Podfile.lock. Run 'pod install' or update your CocoaPods installation.\" >&2\n    exit 1\nfi\n";
			showEnvVarsInLog = 0;
		};
/* End PBXShellScriptBuildPhase section */

/* Begin PBXSourcesBuildPhase section */
		DF4C70CC1ED2B8CD00F52255 /* Sources */ = {
			isa = PBXSourcesBuildPhase;
			buildActionMask = 2147483647;
			files = (
				DF4C70FD1ED2BA7700F52255 /* ExtensionString.swift in Sources */,
				DF501CF71ED3BBD000B6C418 /* GEBasicViewController.swift in Sources */,
				DF4C70D61ED2B8CD00F52255 /* ViewController.swift in Sources */,
				DF501CF91ED3BC0A00B6C418 /* GEView.swift in Sources */,
				DF4C70FA1ED2B98200F52255 /* GlobalConst.swift in Sources */,
				DF15D3A71ED3BC8600286415 /* GETools.swift in Sources */,
				DF4C70FF1ED2BA8B00F52255 /* ExtensionUIColor.swift in Sources */,
				DF4C70D41ED2B8CD00F52255 /* AppDelegate.swift in Sources */,
			);
			runOnlyForDeploymentPostprocessing = 0;
		};
/* End PBXSourcesBuildPhase section */

/* Begin PBXVariantGroup section */
		DF4C70D71ED2B8CD00F52255 /* Main.storyboard */ = {
			isa = PBXVariantGroup;
			children = (
				DF4C70D81ED2B8CD00F52255 /* Base */,
			);
			name = Main.storyboard;
			sourceTree = "<group>";
		};
		DF4C70DC1ED2B8CD00F52255 /* LaunchScreen.storyboard */ = {
			isa = PBXVariantGroup;
			children = (
				DF4C70DD1ED2B8CD00F52255 /* Base */,
			);
			name = LaunchScreen.storyboard;
			sourceTree = "<group>";
		};
/* End PBXVariantGroup section */

/* Begin XCBuildConfiguration section */
		DF4C70E01ED2B8CD00F52255 /* Debug */ = {
			isa = XCBuildConfiguration;
			buildSettings = {
				ALWAYS_SEARCH_USER_PATHS = NO;
				CLANG_ANALYZER_NONNULL = YES;
				CLANG_ANALYZER_NUMBER_OBJECT_CONVERSION = YES_AGGRESSIVE;
				CLANG_CXX_LANGUAGE_STANDARD = "gnu++0x";
				CLANG_CXX_LIBRARY = "libc++";
				CLANG_ENABLE_MODULES = YES;
				CLANG_ENABLE_OBJC_ARC = YES;
				CLANG_WARN_BOOL_CONVERSION = YES;
				CLANG_WARN_CONSTANT_CONVERSION = YES;
				CLANG_WARN_DIRECT_OBJC_ISA_USAGE = YES_ERROR;
				CLANG_WARN_DOCUMENTATION_COMMENTS = YES;
				CLANG_WARN_EMPTY_BODY = YES;
				CLANG_WARN_ENUM_CONVERSION = YES;
				CLANG_WARN_INFINITE_RECURSION = YES;
				CLANG_WARN_INT_CONVERSION = YES;
				CLANG_WARN_OBJC_ROOT_CLASS = YES_ERROR;
				CLANG_WARN_SUSPICIOUS_MOVE = YES;
				CLANG_WARN_UNREACHABLE_CODE = YES;
				CLANG_WARN__DUPLICATE_METHOD_MATCH = YES;
				"CODE_SIGN_IDENTITY[sdk=iphoneos*]" = "iPhone Developer";
				COPY_PHASE_STRIP = NO;
				DEBUG_INFORMATION_FORMAT = dwarf;
				ENABLE_STRICT_OBJC_MSGSEND = YES;
				ENABLE_TESTABILITY = YES;
				GCC_C_LANGUAGE_STANDARD = gnu99;
				GCC_DYNAMIC_NO_PIC = NO;
				GCC_NO_COMMON_BLOCKS = YES;
				GCC_OPTIMIZATION_LEVEL = 0;
				GCC_PREPROCESSOR_DEFINITIONS = (
					"DEBUG=1",
					"$(inherited)",
				);
				GCC_WARN_64_TO_32_BIT_CONVERSION = YES;
				GCC_WARN_ABOUT_RETURN_TYPE = YES_ERROR;
				GCC_WARN_UNDECLARED_SELECTOR = YES;
				GCC_WARN_UNINITIALIZED_AUTOS = YES_AGGRESSIVE;
				GCC_WARN_UNUSED_FUNCTION = YES;
				GCC_WARN_UNUSED_VARIABLE = YES;
				IPHONEOS_DEPLOYMENT_TARGET = 10.3;
				MTL_ENABLE_DEBUG_INFO = YES;
				ONLY_ACTIVE_ARCH = YES;
				SDKROOT = iphoneos;
				SWIFT_ACTIVE_COMPILATION_CONDITIONS = DEBUG;
				SWIFT_OPTIMIZATION_LEVEL = "-Onone";
				TARGETED_DEVICE_FAMILY = "1,2";
			};
			name = Debug;
		};
		DF4C70E11ED2B8CD00F52255 /* Release */ = {
			isa = XCBuildConfiguration;
			buildSettings = {
				ALWAYS_SEARCH_USER_PATHS = NO;
				CLANG_ANALYZER_NONNULL = YES;
				CLANG_ANALYZER_NUMBER_OBJECT_CONVERSION = YES_AGGRESSIVE;
				CLANG_CXX_LANGUAGE_STANDARD = "gnu++0x";
				CLANG_CXX_LIBRARY = "libc++";
				CLANG_ENABLE_MODULES = YES;
				CLANG_ENABLE_OBJC_ARC = YES;
				CLANG_WARN_BOOL_CONVERSION = YES;
				CLANG_WARN_CONSTANT_CONVERSION = YES;
				CLANG_WARN_DIRECT_OBJC_ISA_USAGE = YES_ERROR;
				CLANG_WARN_DOCUMENTATION_COMMENTS = YES;
				CLANG_WARN_EMPTY_BODY = YES;
				CLANG_WARN_ENUM_CONVERSION = YES;
				CLANG_WARN_INFINITE_RECURSION = YES;
				CLANG_WARN_INT_CONVERSION = YES;
				CLANG_WARN_OBJC_ROOT_CLASS = YES_ERROR;
				CLANG_WARN_SUSPICIOUS_MOVE = YES;
				CLANG_WARN_UNREACHABLE_CODE = YES;
				CLANG_WARN__DUPLICATE_METHOD_MATCH = YES;
				"CODE_SIGN_IDENTITY[sdk=iphoneos*]" = "iPhone Developer";
				COPY_PHASE_STRIP = NO;
				DEBUG_INFORMATION_FORMAT = "dwarf-with-dsym";
				ENABLE_NS_ASSERTIONS = NO;
				ENABLE_STRICT_OBJC_MSGSEND = YES;
				GCC_C_LANGUAGE_STANDARD = gnu99;
				GCC_NO_COMMON_BLOCKS = YES;
				GCC_WARN_64_TO_32_BIT_CONVERSION = YES;
				GCC_WARN_ABOUT_RETURN_TYPE = YES_ERROR;
				GCC_WARN_UNDECLARED_SELECTOR = YES;
				GCC_WARN_UNINITIALIZED_AUTOS = YES_AGGRESSIVE;
				GCC_WARN_UNUSED_FUNCTION = YES;
				GCC_WARN_UNUSED_VARIABLE = YES;
				IPHONEOS_DEPLOYMENT_TARGET = 10.3;
				MTL_ENABLE_DEBUG_INFO = NO;
				SDKROOT = iphoneos;
				SWIFT_OPTIMIZATION_LEVEL = "-Owholemodule";
				TARGETED_DEVICE_FAMILY = "1,2";
				VALIDATE_PRODUCT = YES;
			};
			name = Release;
		};
		DF4C70E31ED2B8CD00F52255 /* Debug */ = {
			isa = XCBuildConfiguration;
			baseConfigurationReference = EC6E722A6D1D642447CCF6C2 /* Pods-BigRabbit.debug.xcconfig */;
			buildSettings = {
				ASSETCATALOG_COMPILER_APPICON_NAME = AppIcon;
				DEVELOPMENT_TEAM = CGAM2DA629;
				INFOPLIST_FILE = BigRabbit/Info.plist;
				IPHONEOS_DEPLOYMENT_TARGET = 8.0;
				LD_RUNPATH_SEARCH_PATHS = "$(inherited) @executable_path/Frameworks";
				PRODUCT_BUNDLE_IDENTIFIER = cn.iluckyday.BigRabbit;
				PRODUCT_NAME = "$(TARGET_NAME)";
				SWIFT_OBJC_BRIDGING_HEADER = "$(SRCROOT)/GE/Helpers/GEHeader.h";
				SWIFT_VERSION = 3.0;
				TARGETED_DEVICE_FAMILY = 1;
			};
			name = Debug;
		};
		DF4C70E41ED2B8CD00F52255 /* Release */ = {
			isa = XCBuildConfiguration;
			baseConfigurationReference = DDAFD25C706FB9AD8DB00B79 /* Pods-BigRabbit.release.xcconfig */;
			buildSettings = {
				ASSETCATALOG_COMPILER_APPICON_NAME = AppIcon;
				DEVELOPMENT_TEAM = CGAM2DA629;
				INFOPLIST_FILE = BigRabbit/Info.plist;
				IPHONEOS_DEPLOYMENT_TARGET = 8.0;
				LD_RUNPATH_SEARCH_PATHS = "$(inherited) @executable_path/Frameworks";
				PRODUCT_BUNDLE_IDENTIFIER = cn.iluckyday.BigRabbit;
				PRODUCT_NAME = "$(TARGET_NAME)";
				SWIFT_OBJC_BRIDGING_HEADER = "$(SRCROOT)/GE/Helpers/GEHeader.h";
				SWIFT_VERSION = 3.0;
				TARGETED_DEVICE_FAMILY = 1;
			};
			name = Release;
		};
/* End XCBuildConfiguration section */

/* Begin XCConfigurationList section */
		DF4C70CB1ED2B8CD00F52255 /* Build configuration list for PBXProject "BigRabbit" */ = {
			isa = XCConfigurationList;
			buildConfigurations = (
				DF4C70E01ED2B8CD00F52255 /* Debug */,
				DF4C70E11ED2B8CD00F52255 /* Release */,
			);
			defaultConfigurationIsVisible = 0;
			defaultConfigurationName = Release;
		};
		DF4C70E21ED2B8CD00F52255 /* Build configuration list for PBXNativeTarget "BigRabbit" */ = {
			isa = XCConfigurationList;
			buildConfigurations = (
				DF4C70E31ED2B8CD00F52255 /* Debug */,
				DF4C70E41ED2B8CD00F52255 /* Release */,
			);
			defaultConfigurationIsVisible = 0;
			defaultConfigurationName = Release;
		};
/* End XCConfigurationList section */
	};
	rootObject = DF4C70C81ED2B8CD00F52255 /* Project object */;
}
